// !$*UTF8*$!
{
	archiveVersion = 1;
	classes = {
	};
	objectVersion = 46;
	objects = {
		CB9B130653F577927A7A7AC7 = {
			isa = PBXBuildFile;
			fileRef = 2402AA3BE7CDE23230770BC4;
		};
		FAE95644335611D1990A6822 = {
			isa = PBXBuildFile;
			fileRef = 5B8760BA1E41F71EB1490E75;
		};
		A5803DFED66F127F20687579 = {
			isa = PBXBuildFile;
			fileRef = 096E35D138A6C6B68F8D6AD5;
		};
		DC1E285885DB904C61EA7A6A = {
			isa = PBXBuildFile;
			fileRef = F6C75ADBC83B3F3ED61C93B4;
		};
		91FD0B815C88902CF7401328 = {
			isa = PBXBuildFile;
			fileRef = 072C23D8A65859C9B398F075;
		};
		48EFC2762A43E9586E1C12B7 = {
			isa = PBXBuildFile;
			fileRef = 18B2C091F7398FAF1F58727C;
		};
		D00CEA949CAC71C4FE7C9036 = {
			isa = PBXBuildFile;
			fileRef = 4B7A9554D9A86EFF8365C3D9;
		};
		A34688012AF7FC9931F747D9 = {
			isa = PBXBuildFile;
			fileRef = 9AE548ECE06B250506AD4F26;
		};
		0B377FFB9ED33ECE7E12079E = {
			isa = PBXBuildFile;
			fileRef = 5D7E3B9241BECD18F74683C7;
		};
		8338ECC694C45D03922808CE = {
			isa = PBXBuildFile;
			fileRef = F40052B51AA2DF01B3BFB6AB;
		};
		235355A0D7CC554A197D5478 = {
			isa = PBXBuildFile;
			fileRef = DDBD1D08AE01BFC59ACA5944;
		};
		2AF201AC0CB2A8D93452619C = {
			isa = PBXBuildFile;
			fileRef = 255615FBA4017BA4C4D18976;
		};
		448ED992F2DDC324674A44F4 = {
			isa = PBXBuildFile;
			fileRef = E7A2DFCEF67CE1D36DCFD789;
		};
		E1D7134D213783E00C4E4C94 = {
			isa = PBXBuildFile;
			fileRef = F5951B1C5FCF8FBF68B23ED9;
		};
		CAE83B78E658B0333F4B7BF1 = {
			isa = PBXBuildFile;
			fileRef = AF7D80BAB666017F9376C70C;
		};
		3BD43E28685BFEEA689FE50E = {
			isa = PBXBuildFile;
			fileRef = 6F2CE20BEAE9C07EB96AF435;
		};
		7EC774E600218D9F1A8B5BFA = {
			isa = PBXBuildFile;
			fileRef = 4807C6263B019DF033B798D1;
		};
		FA67F5953E023B10F2402BBC = {
			isa = PBXBuildFile;
			fileRef = 3B868705EE14D7209B54ED16;
		};
		E1C093E99CFC18047D15B6B5 = {
			isa = PBXBuildFile;
			fileRef = 692A50A434C04BC4EEBFA6EF;
		};
		181B4B7D2DBF6BA0F7706CCB = {
			isa = PBXBuildFile;
			fileRef = 094852715350CEB6A110D9D2;
		};
		BE6A630ACAB834D33952C8AC = {
			isa = PBXBuildFile;
			fileRef = A3471596F330E9684179D088;
		};
		CD2AB77C3E110FCE8C6C24F4 = {
			isa = PBXBuildFile;
			fileRef = 717D162FEDAF800C488D47AF;
		};
		7C1658D2450D95E2FD0840B5 = {
			isa = PBXBuildFile;
			fileRef = 74DAC923FD423F65C490F0DE;
		};
		B3205CA19ADAA9BF8D291066 = {
			isa = PBXBuildFile;
			fileRef = 3859C054615637FF46D8AA79;
		};
		4A0AB7DD4C8DDE21A4DEBDB8 = {
			isa = PBXBuildFile;
			fileRef = 5B82D92ADCAFD406333AC39B;
		};
		22787A62C04C1131F8EC5567 = {
			isa = PBXBuildFile;
			fileRef = A777DBF94EC000C6F5604FD6;
		};
		1F86DB9EF34EBDDEF994B33E = {
			isa = PBXBuildFile;
			fileRef = 0EFAE9F5BA1F6126D2E04629;
		};
		F772408BE61E6B22AF8B355E = {
			isa = PBXBuildFile;
			fileRef = 31D92D49F6AA7F0D576E90DA;
		};
		CDF4C5D5718B52B62D995615 = {
			isa = PBXBuildFile;
			fileRef = E97C5F198BCE06A9555E6CB1;
		};
		698F4418BD5D25FB3F8A6D12 = {
			isa = PBXBuildFile;
			fileRef = 19B82453C4730DD0E981D7ED;
		};
		68B31E95428E5466F30A28A5 = {
			isa = PBXBuildFile;
			fileRef = 0B8642DC4DFC0092EAB18464;
		};
		85D805F06EFBED617AB5EDF8 = {
			isa = PBXBuildFile;
			fileRef = 6FEF7D243E1112B13A084651;
		};
		5DCEA67496046901754711F8 = {
			isa = PBXBuildFile;
			fileRef = 1B0574B0FE7E0C8ADBB6392A;
		};
		DD5D65212BCC99CDA20FE5DD = {
			isa = PBXBuildFile;
			fileRef = 294843D9016ADDFFAC3B5B7C;
		};
		3B8A4B71616E811CC5AA24E9 = {
			isa = PBXBuildFile;
			fileRef = 92A8EF3077581A3A7E367D46;
		};
		C068881D43483AC2713CEAC7 = {
			isa = PBXBuildFile;
			fileRef = 08ADE06CD5429E56318771A7;
		};
		20019F1411F9776B301D3DD4 = {
			isa = PBXBuildFile;
			fileRef = 8E5B197827663DDBE63D0F65;
		};
		121D0CF8A86A0E06DC0D0149 = {
			isa = PBXBuildFile;
			fileRef = 239D151FA0AC46549E1D3BAB;
		};
		6FAA3B760963954737585DAB = {
			isa = PBXBuildFile;
			fileRef = 238A7F307B07D748731F6AA9;
		};
		04ED79C1724F5B87CB70FE65 = {
			isa = PBXFileReference;
			lastKnownFileType = file;
			name = "juce_audio_plugin_client";
			path = "~/JUCE/modules/juce_audio_plugin_client";
			sourceTree = "<absolute>";
		};
		072C23D8A65859C9B398F075 = {
			isa = PBXFileReference;
			lastKnownFileType = wrapper.framework;
			name = Accelerate.framework;
			path = System/Library/Frameworks/Accelerate.framework;
			sourceTree = SDKROOT;
		};
		07486F8772A043CAD6C5008D = {
			isa = PBXFileReference;
			lastKnownFileType = file;
			name = "juce_core";
			path = "~/JUCE/modules/juce_core";
			sourceTree = "<absolute>";
		};
		08ADE06CD5429E56318771A7 = {
			isa = PBXFileReference;
			lastKnownFileType = sourcecode.cpp.objcpp;
			name = "include_juce_graphics.mm";
			path = "../../JuceLibraryCode/include_juce_graphics.mm";
			sourceTree = "SOURCE_ROOT";
		};
		094852715350CEB6A110D9D2 = {
			isa = PBXFileReference;
			lastKnownFileType = sourcecode.cpp.cpp;
			name = PluginEditor.cpp;
			path = ../../Source/PluginEditor.cpp;
			sourceTree = "SOURCE_ROOT";
		};
		0B8642DC4DFC0092EAB18464 = {
			isa = PBXFileReference;
			lastKnownFileType = sourcecode.cpp.objcpp;
			name = "include_juce_audio_utils.mm";
			path = "../../JuceLibraryCode/include_juce_audio_utils.mm";
			sourceTree = "SOURCE_ROOT";
		};
		0EFAE9F5BA1F6126D2E04629 = {
			isa = PBXFileReference;
			lastKnownFileType = sourcecode.cpp.cpp;
			name = "include_juce_audio_plugin_client_utils.cpp";
			path = "../../JuceLibraryCode/include_juce_audio_plugin_client_utils.cpp";
			sourceTree = "SOURCE_ROOT";
		};
		18B2C091F7398FAF1F58727C = {
			isa = PBXFileReference;
			lastKnownFileType = wrapper.framework;
			name = AudioToolbox.framework;
			path = System/Library/Frameworks/AudioToolbox.framework;
			sourceTree = SDKROOT;
		};
		19B82453C4730DD0E981D7ED = {
			isa = PBXFileReference;
			lastKnownFileType = sourcecode.cpp.objcpp;
			name = "include_juce_audio_processors.mm";
			path = "../../JuceLibraryCode/include_juce_audio_processors.mm";
			sourceTree = "SOURCE_ROOT";
		};
		1B0574B0FE7E0C8ADBB6392A = {
			isa = PBXFileReference;
			lastKnownFileType = sourcecode.cpp.objcpp;
			name = "include_juce_cryptography.mm";
			path = "../../JuceLibraryCode/include_juce_cryptography.mm";
			sourceTree = "SOURCE_ROOT";
		};
		1E39B6D2A6BDF948F9947B4E = {
			isa = PBXFileReference;
			lastKnownFileType = file;
			name = "juce_audio_devices";
			path = "~/JUCE/modules/juce_audio_devices";
			sourceTree = "<absolute>";
		};
		1E8817EA4DE19E157F9E2EE5 = {
			isa = PBXFileReference;
			lastKnownFileType = file;
			name = "juce_audio_formats";
			path = "~/JUCE/modules/juce_audio_formats";
			sourceTree = "<absolute>";
		};
		1F625A884BA5043A7BF985C5 = {
			isa = PBXFileReference;
			lastKnownFileType = sourcecode.c.h;
			name = DDL.h;
			path = ../../Source/DDL.h;
			sourceTree = "SOURCE_ROOT";
		};
		2083CCEA43A55839D201EEF3 = {
			isa = PBXFileReference;
			lastKnownFileType = file;
			name = "juce_gui_extra";
			path = "~/JUCE/modules/juce_gui_extra";
			sourceTree = "<absolute>";
		};
		238A7F307B07D748731F6AA9 = {
			isa = PBXFileReference;
			lastKnownFileType = sourcecode.cpp.objcpp;
			name = "include_juce_opengl.mm";
			path = "../../JuceLibraryCode/include_juce_opengl.mm";
			sourceTree = "SOURCE_ROOT";
		};
		239D151FA0AC46549E1D3BAB = {
			isa = PBXFileReference;
			lastKnownFileType = sourcecode.cpp.objcpp;
			name = "include_juce_gui_extra.mm";
			path = "../../JuceLibraryCode/include_juce_gui_extra.mm";
			sourceTree = "SOURCE_ROOT";
		};
		2402AA3BE7CDE23230770BC4 = {
			isa = PBXFileReference;
			explicitFileType = wrapper.cfbundle;
			includeInIndex = 0;
			path = DDLModule.vst3;
			sourceTree = "BUILT_PRODUCTS_DIR";
		};
		294843D9016ADDFFAC3B5B7C = {
			isa = PBXFileReference;
			lastKnownFileType = sourcecode.cpp.objcpp;
			name = "include_juce_data_structures.mm";
			path = "../../JuceLibraryCode/include_juce_data_structures.mm";
			sourceTree = "SOURCE_ROOT";
		};
		2BF163F034A150696CEB84F4 = {
			isa = PBXFileReference;
			lastKnownFileType = sourcecode.c.h;
			name = AppConfig.h;
			path = ../../JuceLibraryCode/AppConfig.h;
			sourceTree = "SOURCE_ROOT";
		};
		31D92D49F6AA7F0D576E90DA = {
			isa = PBXFileReference;
			lastKnownFileType = sourcecode.cpp.objcpp;
			name = "include_juce_audio_plugin_client_VST_utils.mm";
			path = "../../JuceLibraryCode/include_juce_audio_plugin_client_VST_utils.mm";
			sourceTree = "SOURCE_ROOT";
		};
		3859C054615637FF46D8AA79 = {
			isa = PBXFileReference;
			lastKnownFileType = file.r;
			name = "include_juce_audio_plugin_client_AU.r";
			path = "../../JuceLibraryCode/include_juce_audio_plugin_client_AU.r";
			sourceTree = "SOURCE_ROOT";
		};
		3B868705EE14D7209B54ED16 = {
			isa = PBXFileReference;
			lastKnownFileType = sourcecode.cpp.cpp;
			name = DDL.cpp;
			path = ../../Source/DDL.cpp;
			sourceTree = "SOURCE_ROOT";
		};
		4807C6263B019DF033B798D1 = {
			isa = PBXFileReference;
			lastKnownFileType = file.nib;
			name = RecentFilesMenuTemplate.nib;
			path = RecentFilesMenuTemplate.nib;
			sourceTree = "SOURCE_ROOT";
		};
		4A664437AF9B3C2F6D240E4C = {
			isa = PBXFileReference;
			lastKnownFileType = sourcecode.c.h;
			name = PluginEditor.h;
			path = ../../Source/PluginEditor.h;
			sourceTree = "SOURCE_ROOT";
		};
		4B7A9554D9A86EFF8365C3D9 = {
			isa = PBXFileReference;
			lastKnownFileType = wrapper.framework;
			name = Carbon.framework;
			path = System/Library/Frameworks/Carbon.framework;
			sourceTree = SDKROOT;
		};
		515C1006EF0DFE4AE1CEBB4B = {
			isa = PBXFileReference;
			lastKnownFileType = text.plist.xml;
			name = "Info-VST3.plist";
			path = "Info-VST3.plist";
			sourceTree = "SOURCE_ROOT";
		};
		551D1B8BC0B73BFE7EAB28D9 = {
			isa = PBXFileReference;
			lastKnownFileType = file;
			name = "juce_events";
			path = "~/JUCE/modules/juce_events";
			sourceTree = "<absolute>";
		};
		5B8760BA1E41F71EB1490E75 = {
			isa = PBXFileReference;
			explicitFileType = wrapper.cfbundle;
			includeInIndex = 0;
			path = DDLModule.component;
			sourceTree = "BUILT_PRODUCTS_DIR";
		};
		096E35D138A6C6B68F8D6AD5 = {
			isa = PBXFileReference;
			explicitFileType = archive.ar;
			includeInIndex = 0;
			path = libDDLModule.a;
			sourceTree = "BUILT_PRODUCTS_DIR";
		};
		255615FBA4017BA4C4D18976 = {
			isa = PBXFileReference;
			lastKnownFileType = wrapper.framework;
			name = DiscRecording.framework;
			path = System/Library/Frameworks/DiscRecording.framework;
			sourceTree = SDKROOT;
		};
		50A9D9B58C923EFB530ED943 = {
			isa = PBXFileReference;
			lastKnownFileType = file;
			name = "juce_graphics";
			path = "~/JUCE/modules/juce_graphics";
			sourceTree = "<absolute>";
		};
		5B82D92ADCAFD406333AC39B = {
			isa = PBXFileReference;
			lastKnownFileType = sourcecode.cpp.objcpp;
			name = "include_juce_audio_plugin_client_AU_1.mm";
			path = "../../JuceLibraryCode/include_juce_audio_plugin_client_AU_1.mm";
			sourceTree = "SOURCE_ROOT";
		};
		5B9556DFF826DA6AA7B1C695 = {
			isa = PBXFileReference;
			lastKnownFileType = file;
			name = "juce_audio_basics";
			path = "~/JUCE/modules/juce_audio_basics";
			sourceTree = "<absolute>";
		};
		5D7E3B9241BECD18F74683C7 = {
			isa = PBXFileReference;
			lastKnownFileType = wrapper.framework;
			name = CoreAudio.framework;
			path = System/Library/Frameworks/CoreAudio.framework;
			sourceTree = SDKROOT;
		};
		692A50A434C04BC4EEBFA6EF = {
			isa = PBXFileReference;
			lastKnownFileType = sourcecode.cpp.cpp;
			name = PluginProcessor.cpp;
			path = ../../Source/PluginProcessor.cpp;
			sourceTree = "SOURCE_ROOT";
		};
		6F2CE20BEAE9C07EB96AF435 = {
			isa = PBXFileReference;
			lastKnownFileType = wrapper.framework;
			name = WebKit.framework;
			path = System/Library/Frameworks/WebKit.framework;
			sourceTree = SDKROOT;
		};
		6FEF7D243E1112B13A084651 = {
			isa = PBXFileReference;
			lastKnownFileType = sourcecode.cpp.objcpp;
			name = "include_juce_core.mm";
			path = "../../JuceLibraryCode/include_juce_core.mm";
			sourceTree = "SOURCE_ROOT";
		};
		717D162FEDAF800C488D47AF = {
			isa = PBXFileReference;
			lastKnownFileType = sourcecode.cpp.objcpp;
			name = "include_juce_audio_devices.mm";
			path = "../../JuceLibraryCode/include_juce_audio_devices.mm";
			sourceTree = "SOURCE_ROOT";
		};
		72F8BD3EEE828B93E0E9312D = {
			isa = PBXFileReference;
			lastKnownFileType = sourcecode.c.h;
			name = JuceHeader.h;
			path = ../../JuceLibraryCode/JuceHeader.h;
			sourceTree = "SOURCE_ROOT";
		};
		74DAC923FD423F65C490F0DE = {
			isa = PBXFileReference;
			lastKnownFileType = sourcecode.cpp.objcpp;
			name = "include_juce_audio_formats.mm";
			path = "../../JuceLibraryCode/include_juce_audio_formats.mm";
			sourceTree = "SOURCE_ROOT";
		};
		75C522B1D170B041F0A89B44 = {
			isa = PBXFileReference;
			lastKnownFileType = text.plist.xml;
			name = "Info-AU.plist";
			path = "Info-AU.plist";
			sourceTree = "SOURCE_ROOT";
		};
		821BF577E6E3D014DF8D07EF = {
			isa = PBXFileReference;
			lastKnownFileType = file;
			name = "juce_audio_processors";
			path = "~/JUCE/modules/juce_audio_processors";
			sourceTree = "<absolute>";
		};
		860FD790B5F4B63D85AC3684 = {
			isa = PBXFileReference;
			lastKnownFileType = file;
			name = "juce_opengl";
			path = "~/JUCE/modules/juce_opengl";
			sourceTree = "<absolute>";
		};
		8E5B197827663DDBE63D0F65 = {
			isa = PBXFileReference;
			lastKnownFileType = sourcecode.cpp.objcpp;
			name = "include_juce_gui_basics.mm";
			path = "../../JuceLibraryCode/include_juce_gui_basics.mm";
			sourceTree = "SOURCE_ROOT";
		};
		92A8EF3077581A3A7E367D46 = {
			isa = PBXFileReference;
			lastKnownFileType = sourcecode.cpp.objcpp;
			name = "include_juce_events.mm";
			path = "../../JuceLibraryCode/include_juce_events.mm";
			sourceTree = "SOURCE_ROOT";
		};
		9AE548ECE06B250506AD4F26 = {
			isa = PBXFileReference;
			lastKnownFileType = wrapper.framework;
			name = Cocoa.framework;
			path = System/Library/Frameworks/Cocoa.framework;
			sourceTree = SDKROOT;
		};
		A3471596F330E9684179D088 = {
			isa = PBXFileReference;
			lastKnownFileType = sourcecode.cpp.objcpp;
			name = "include_juce_audio_basics.mm";
			path = "../../JuceLibraryCode/include_juce_audio_basics.mm";
			sourceTree = "SOURCE_ROOT";
		};
		A777DBF94EC000C6F5604FD6 = {
			isa = PBXFileReference;
			lastKnownFileType = sourcecode.cpp.objcpp;
			name = "include_juce_audio_plugin_client_AU_2.mm";
			path = "../../JuceLibraryCode/include_juce_audio_plugin_client_AU_2.mm";
			sourceTree = "SOURCE_ROOT";
		};
		A866FF21EC958133C8933E58 = {
			isa = PBXFileReference;
			lastKnownFileType = file;
			name = "juce_gui_basics";
			path = "~/JUCE/modules/juce_gui_basics";
			sourceTree = "<absolute>";
		};
		AF7D80BAB666017F9376C70C = {
			isa = PBXFileReference;
			lastKnownFileType = wrapper.framework;
			name = QuartzCore.framework;
			path = System/Library/Frameworks/QuartzCore.framework;
			sourceTree = SDKROOT;
		};
		BC6B564B942C46C825CDBD76 = {
			isa = PBXFileReference;
			lastKnownFileType = file;
			name = "juce_data_structures";
			path = "~/JUCE/modules/juce_data_structures";
			sourceTree = "<absolute>";
		};
		C061E17F2DDCE443692FE21C = {
			isa = PBXFileReference;
			lastKnownFileType = file;
			name = "juce_audio_utils";
			path = "~/JUCE/modules/juce_audio_utils";
			sourceTree = "<absolute>";
		};
		C7D19809B1FF782FDBAA99A8 = {
			isa = PBXFileReference;
			lastKnownFileType = sourcecode.c.h;
			name = PluginProcessor.h;
			path = ../../Source/PluginProcessor.h;
			sourceTree = "SOURCE_ROOT";
		};
		CAFD1C65258B7292E2DDF410 = {
			isa = PBXFileReference;
			lastKnownFileType = file;
			name = "juce_cryptography";
			path = "~/JUCE/modules/juce_cryptography";
			sourceTree = "<absolute>";
		};
		DDBD1D08AE01BFC59ACA5944 = {
			isa = PBXFileReference;
			lastKnownFileType = wrapper.framework;
			name = CoreMIDI.framework;
			path = System/Library/Frameworks/CoreMIDI.framework;
			sourceTree = SDKROOT;
		};
		E7A2DFCEF67CE1D36DCFD789 = {
			isa = PBXFileReference;
			lastKnownFileType = wrapper.framework;
			name = IOKit.framework;
			path = System/Library/Frameworks/IOKit.framework;
			sourceTree = SDKROOT;
		};
		E97C5F198BCE06A9555E6CB1 = {
			isa = PBXFileReference;
			lastKnownFileType = sourcecode.cpp.cpp;
			name = "include_juce_audio_plugin_client_VST3.cpp";
			path = "../../JuceLibraryCode/include_juce_audio_plugin_client_VST3.cpp";
			sourceTree = "SOURCE_ROOT";
		};
		F40052B51AA2DF01B3BFB6AB = {
			isa = PBXFileReference;
			lastKnownFileType = wrapper.framework;
			name = CoreAudioKit.framework;
			path = System/Library/Frameworks/CoreAudioKit.framework;
			sourceTree = SDKROOT;
		};
		F5951B1C5FCF8FBF68B23ED9 = {
			isa = PBXFileReference;
			lastKnownFileType = wrapper.framework;
			name = OpenGL.framework;
			path = System/Library/Frameworks/OpenGL.framework;
			sourceTree = SDKROOT;
		};
		F6C75ADBC83B3F3ED61C93B4 = {
			isa = PBXFileReference;
			lastKnownFileType = wrapper.framework;
			name = AudioUnit.framework;
			path = System/Library/Frameworks/AudioUnit.framework;
			sourceTree = SDKROOT;
		};
		9BFE95FC560823D39B85DF82 = {
			isa = PBXGroup;
			children = (
				3B868705EE14D7209B54ED16,
				1F625A884BA5043A7BF985C5,
				692A50A434C04BC4EEBFA6EF,
				C7D19809B1FF782FDBAA99A8,
				094852715350CEB6A110D9D2,
				4A664437AF9B3C2F6D240E4C,
			);
			name = Source;
			sourceTree = "<group>";
		};
		426741159AEEE50489630914 = {
			isa = PBXGroup;
			children = (
				9BFE95FC560823D39B85DF82,
			);
			name = DDLModule;
			sourceTree = "<group>";
		};
		62D71D2225104F4E22E1B07D = {
			isa = PBXGroup;
			children = (
				5B9556DFF826DA6AA7B1C695,
				1E39B6D2A6BDF948F9947B4E,
				1E8817EA4DE19E157F9E2EE5,
				04ED79C1724F5B87CB70FE65,
				821BF577E6E3D014DF8D07EF,
				C061E17F2DDCE443692FE21C,
				07486F8772A043CAD6C5008D,
				CAFD1C65258B7292E2DDF410,
				BC6B564B942C46C825CDBD76,
				551D1B8BC0B73BFE7EAB28D9,
				50A9D9B58C923EFB530ED943,
				A866FF21EC958133C8933E58,
				2083CCEA43A55839D201EEF3,
				860FD790B5F4B63D85AC3684,
			);
			name = "JUCE Modules";
			sourceTree = "<group>";
		};
		50A40EA2FEB2F66213249366 = {
			isa = PBXGroup;
			children = (
				2BF163F034A150696CEB84F4,
				A3471596F330E9684179D088,
				717D162FEDAF800C488D47AF,
				74DAC923FD423F65C490F0DE,
				3859C054615637FF46D8AA79,
				5B82D92ADCAFD406333AC39B,
				A777DBF94EC000C6F5604FD6,
				0EFAE9F5BA1F6126D2E04629,
				31D92D49F6AA7F0D576E90DA,
				E97C5F198BCE06A9555E6CB1,
				19B82453C4730DD0E981D7ED,
				0B8642DC4DFC0092EAB18464,
				6FEF7D243E1112B13A084651,
				1B0574B0FE7E0C8ADBB6392A,
				294843D9016ADDFFAC3B5B7C,
				92A8EF3077581A3A7E367D46,
				08ADE06CD5429E56318771A7,
				8E5B197827663DDBE63D0F65,
				239D151FA0AC46549E1D3BAB,
				238A7F307B07D748731F6AA9,
				72F8BD3EEE828B93E0E9312D,
			);
			name = "JUCE Library Code";
			sourceTree = "<group>";
		};
		BECFFB91A72C7F9AF86E3EB3 = {
			isa = PBXGroup;
			children = (
				515C1006EF0DFE4AE1CEBB4B,
				75C522B1D170B041F0A89B44,
				4807C6263B019DF033B798D1,
			);
			name = Resources;
			sourceTree = "<group>";
		};
		20BD91E005DDFA408C4B7025 = {
			isa = PBXGroup;
			children = (
				F6C75ADBC83B3F3ED61C93B4,
				072C23D8A65859C9B398F075,
				18B2C091F7398FAF1F58727C,
				4B7A9554D9A86EFF8365C3D9,
				9AE548ECE06B250506AD4F26,
				5D7E3B9241BECD18F74683C7,
				F40052B51AA2DF01B3BFB6AB,
				DDBD1D08AE01BFC59ACA5944,
				255615FBA4017BA4C4D18976,
				E7A2DFCEF67CE1D36DCFD789,
				F5951B1C5FCF8FBF68B23ED9,
				AF7D80BAB666017F9376C70C,
				6F2CE20BEAE9C07EB96AF435,
			);
			name = Frameworks;
			sourceTree = "<group>";
		};
		7FC56A538BCF894761E254F2 = {
			isa = PBXGroup;
			children = (
				2402AA3BE7CDE23230770BC4,
				5B8760BA1E41F71EB1490E75,
				096E35D138A6C6B68F8D6AD5,
			);
			name = Products;
			sourceTree = "<group>";
		};
		E4D0F6E03CBD0E833D19C677 = {
			isa = PBXGroup;
			children = (
				426741159AEEE50489630914,
				62D71D2225104F4E22E1B07D,
				50A40EA2FEB2F66213249366,
				BECFFB91A72C7F9AF86E3EB3,
				20BD91E005DDFA408C4B7025,
				7FC56A538BCF894761E254F2,
			);
			name = Source;
			sourceTree = "<group>";
		};
		82B947FDDCB975413D9E0BC0 = {
			isa = XCBuildConfiguration;
			buildSettings = {
				MACOSX_DEPLOYMENT_TARGET = 10.11;
				SDKROOT = macosx;
			};
			name = Debug;
		};
		43E040859DD235B79548C1C2 = {
			isa = XCBuildConfiguration;
			buildSettings = {
				MACOSX_DEPLOYMENT_TARGET = 10.11;
				SDKROOT = macosx;
			};
			name = Release;
		};
		3499AC283E9B200A41ED8C41 = {
			isa = XCBuildConfiguration;
			buildSettings = {
				CLANG_CXX_LANGUAGE_STANDARD = "c++14";
				CLANG_CXX_LIBRARY = "libc++";
				CLANG_LINK_OBJC_RUNTIME = NO;
				CODE_SIGN_IDENTITY = "";
				COMBINE_HIDPI_IMAGES = YES;
				CONFIGURATION_BUILD_DIR = "$(PROJECT_DIR)/build/$(CONFIGURATION)";
				COPY_PHASE_STRIP = NO;
				DEPLOYMENT_LOCATION = YES;
				DSTROOT = /;
				GCC_DYNAMIC_NO_PIC = NO;
				GCC_OPTIMIZATION_LEVEL = 0;
				GCC_PREPROCESSOR_DEFINITIONS = (
					"_DEBUG=1",
					"DEBUG=1",
					"JUCER_XCODE_MAC_F6D2F4CF=1",
					"JUCE_APP_VERSION=1.0.0",
					"JUCE_APP_VERSION_HEX=0x10000",
					"JucePlugin_Build_VST=0",
					"JucePlugin_Build_VST3=1",
					"JucePlugin_Build_AU=0",
					"JucePlugin_Build_AUv3=0",
					"JucePlugin_Build_RTAS=0",
					"JucePlugin_Build_AAX=0",
					"JucePlugin_Build_Standalone=0",
					"JucePlugin_Build_Unity=0",
				);
				GCC_VERSION = com.apple.compilers.llvm.clang.1_0;
				GENERATE_PKGINFO_FILE = YES;
				HEADER_SEARCH_PATHS = (
					"$(HOME)/JUCE/modules/juce_audio_processors/format_types/VST3_SDK",
					"../../JuceLibraryCode",
					"$(HOME)/JUCE/modules",
					"$(HOME)/JUCE/modules/juce_audio_plugin_client",
					"$(inherited)",
				);
				INFOPLIST_FILE = Info-VST3.plist;
				INFOPLIST_PREPROCESS = NO;
				INSTALL_PATH = "$(HOME)/Library/Audio/Plug-Ins/VST3/";
				LIBRARY_STYLE = Bundle;
				MACOSX_DEPLOYMENT_TARGET = 10.11;
				OTHER_LDFLAGS = "-bundle -lDDLModule";
				PRODUCT_BUNDLE_IDENTIFIER = com.yourcompany.DDLModule;
				PRODUCT_NAME = "DDLModule";
				USE_HEADERMAP = NO;
				WRAPPER_EXTENSION = vst3;
			};
			name = Debug;
		};
		22AD93414E455C8400ABB712 = {
			isa = XCBuildConfiguration;
			buildSettings = {
				CLANG_CXX_LANGUAGE_STANDARD = "c++14";
				CLANG_CXX_LIBRARY = "libc++";
				CLANG_LINK_OBJC_RUNTIME = NO;
				CODE_SIGN_IDENTITY = "";
				COMBINE_HIDPI_IMAGES = YES;
				CONFIGURATION_BUILD_DIR = "$(PROJECT_DIR)/build/$(CONFIGURATION)";
				DEAD_CODE_STRIPPING = YES;
				DEPLOYMENT_LOCATION = YES;
				DSTROOT = /;
				GCC_GENERATE_DEBUGGING_SYMBOLS = NO;
				GCC_OPTIMIZATION_LEVEL = 3;
				GCC_PREPROCESSOR_DEFINITIONS = (
					"_NDEBUG=1",
					"NDEBUG=1",
					"JUCER_XCODE_MAC_F6D2F4CF=1",
					"JUCE_APP_VERSION=1.0.0",
					"JUCE_APP_VERSION_HEX=0x10000",
					"JucePlugin_Build_VST=0",
					"JucePlugin_Build_VST3=1",
					"JucePlugin_Build_AU=0",
					"JucePlugin_Build_AUv3=0",
					"JucePlugin_Build_RTAS=0",
					"JucePlugin_Build_AAX=0",
					"JucePlugin_Build_Standalone=0",
					"JucePlugin_Build_Unity=0",
				);
				GCC_SYMBOLS_PRIVATE_EXTERN = YES;
				GCC_VERSION = com.apple.compilers.llvm.clang.1_0;
				GENERATE_PKGINFO_FILE = YES;
				HEADER_SEARCH_PATHS = (
					"$(HOME)/JUCE/modules/juce_audio_processors/format_types/VST3_SDK",
					"../../JuceLibraryCode",
					"$(HOME)/JUCE/modules",
					"$(HOME)/JUCE/modules/juce_audio_plugin_client",
					"$(inherited)",
				);
				INFOPLIST_FILE = Info-VST3.plist;
				INFOPLIST_PREPROCESS = NO;
				INSTALL_PATH = "$(HOME)/Library/Audio/Plug-Ins/VST3/";
				LIBRARY_STYLE = Bundle;
				LLVM_LTO = YES;
				MACOSX_DEPLOYMENT_TARGET = 10.11;
				OTHER_LDFLAGS = "-bundle -lDDLModule";
				PRODUCT_BUNDLE_IDENTIFIER = com.yourcompany.DDLModule;
				PRODUCT_NAME = "DDLModule";
				USE_HEADERMAP = NO;
				WRAPPER_EXTENSION = vst3;
			};
			name = Release;
		};
		24E625A86D3444352AB96883 = {
			isa = XCBuildConfiguration;
			buildSettings = {
				CLANG_CXX_LANGUAGE_STANDARD = "c++14";
				CLANG_CXX_LIBRARY = "libc++";
				CLANG_LINK_OBJC_RUNTIME = NO;
				CODE_SIGN_IDENTITY = "";
				COMBINE_HIDPI_IMAGES = YES;
				CONFIGURATION_BUILD_DIR = "$(PROJECT_DIR)/build/$(CONFIGURATION)";
				COPY_PHASE_STRIP = NO;
				DEPLOYMENT_LOCATION = YES;
				DSTROOT = /;
				GCC_DYNAMIC_NO_PIC = NO;
				GCC_OPTIMIZATION_LEVEL = 0;
				GCC_PREPROCESSOR_DEFINITIONS = (
					"_DEBUG=1",
					"DEBUG=1",
					"JUCER_XCODE_MAC_F6D2F4CF=1",
					"JUCE_APP_VERSION=1.0.0",
					"JUCE_APP_VERSION_HEX=0x10000",
					"JucePlugin_Build_VST=0",
					"JucePlugin_Build_VST3=0",
					"JucePlugin_Build_AU=1",
					"JucePlugin_Build_AUv3=0",
					"JucePlugin_Build_RTAS=0",
					"JucePlugin_Build_AAX=0",
					"JucePlugin_Build_Standalone=0",
					"JucePlugin_Build_Unity=0",
				);
				GCC_VERSION = com.apple.compilers.llvm.clang.1_0;
				GENERATE_PKGINFO_FILE = YES;
				HEADER_SEARCH_PATHS = (
					"$(HOME)/JUCE/modules/juce_audio_processors/format_types/VST3_SDK",
					"../../JuceLibraryCode",
					"$(HOME)/JUCE/modules",
					"$(HOME)/JUCE/modules/juce_audio_plugin_client",
					"$(inherited)",
				);
				INFOPLIST_FILE = Info-AU.plist;
				INFOPLIST_PREPROCESS = NO;
				INSTALL_PATH = "$(HOME)/Library/Audio/Plug-Ins/Components/";
				LIBRARY_STYLE = Bundle;
				MACOSX_DEPLOYMENT_TARGET = 10.11;
				OTHER_LDFLAGS = "-bundle -lDDLModule";
				OTHER_REZFLAGS = "-d ppc_$ppc -d i386_$i386 -d ppc64_$ppc64 -d x86_64_$x86_64 -I /System/Library/Frameworks/CoreServices.framework/Frameworks/CarbonCore.framework/Versions/A/Headers -I \"$(DEVELOPER_DIR)/Extras/CoreAudio/AudioUnits/AUPublic/AUBase\" -I \"$(DEVELOPER_DIR)/Platforms/MacOSX.platform/Developer/SDKs/MacOSX.sdk/System/Library/Frameworks/AudioUnit.framework/Headers\"";
				PRODUCT_BUNDLE_IDENTIFIER = com.yourcompany.DDLModule;
				PRODUCT_NAME = "DDLModule";
				USE_HEADERMAP = NO;
				WRAPPER_EXTENSION = component;
			};
			name = Debug;
		};
		36CC67597983C0EA3F4E3B49 = {
			isa = XCBuildConfiguration;
			buildSettings = {
				CLANG_CXX_LANGUAGE_STANDARD = "c++14";
				CLANG_CXX_LIBRARY = "libc++";
				CLANG_LINK_OBJC_RUNTIME = NO;
				CODE_SIGN_IDENTITY = "";
				COMBINE_HIDPI_IMAGES = YES;
				CONFIGURATION_BUILD_DIR = "$(PROJECT_DIR)/build/$(CONFIGURATION)";
				DEAD_CODE_STRIPPING = YES;
				DEPLOYMENT_LOCATION = YES;
				DSTROOT = /;
				GCC_GENERATE_DEBUGGING_SYMBOLS = NO;
				GCC_OPTIMIZATION_LEVEL = 3;
				GCC_PREPROCESSOR_DEFINITIONS = (
					"_NDEBUG=1",
					"NDEBUG=1",
					"JUCER_XCODE_MAC_F6D2F4CF=1",
					"JUCE_APP_VERSION=1.0.0",
					"JUCE_APP_VERSION_HEX=0x10000",
					"JucePlugin_Build_VST=0",
					"JucePlugin_Build_VST3=0",
					"JucePlugin_Build_AU=1",
					"JucePlugin_Build_AUv3=0",
					"JucePlugin_Build_RTAS=0",
					"JucePlugin_Build_AAX=0",
					"JucePlugin_Build_Standalone=0",
					"JucePlugin_Build_Unity=0",
				);
				GCC_SYMBOLS_PRIVATE_EXTERN = YES;
				GCC_VERSION = com.apple.compilers.llvm.clang.1_0;
				GENERATE_PKGINFO_FILE = YES;
				HEADER_SEARCH_PATHS = (
					"$(HOME)/JUCE/modules/juce_audio_processors/format_types/VST3_SDK",
					"../../JuceLibraryCode",
					"$(HOME)/JUCE/modules",
					"$(HOME)/JUCE/modules/juce_audio_plugin_client",
					"$(inherited)",
				);
				INFOPLIST_FILE = Info-AU.plist;
				INFOPLIST_PREPROCESS = NO;
				INSTALL_PATH = "$(HOME)/Library/Audio/Plug-Ins/Components/";
				LIBRARY_STYLE = Bundle;
				LLVM_LTO = YES;
				MACOSX_DEPLOYMENT_TARGET = 10.11;
				OTHER_LDFLAGS = "-bundle -lDDLModule";
				OTHER_REZFLAGS = "-d ppc_$ppc -d i386_$i386 -d ppc64_$ppc64 -d x86_64_$x86_64 -I /System/Library/Frameworks/CoreServices.framework/Frameworks/CarbonCore.framework/Versions/A/Headers -I \"$(DEVELOPER_DIR)/Extras/CoreAudio/AudioUnits/AUPublic/AUBase\" -I \"$(DEVELOPER_DIR)/Platforms/MacOSX.platform/Developer/SDKs/MacOSX.sdk/System/Library/Frameworks/AudioUnit.framework/Headers\"";
				PRODUCT_BUNDLE_IDENTIFIER = com.yourcompany.DDLModule;
				PRODUCT_NAME = "DDLModule";
				USE_HEADERMAP = NO;
				WRAPPER_EXTENSION = component;
			};
			name = Release;
		};
		3D5357942740C878514AA533 = {
			isa = XCBuildConfiguration;
			buildSettings = {
				CLANG_CXX_LANGUAGE_STANDARD = "c++14";
				CLANG_CXX_LIBRARY = "libc++";
				CLANG_LINK_OBJC_RUNTIME = NO;
				CODE_SIGN_IDENTITY = "";
				COMBINE_HIDPI_IMAGES = YES;
				CONFIGURATION_BUILD_DIR = "$(PROJECT_DIR)/build/$(CONFIGURATION)";
				COPY_PHASE_STRIP = NO;
				GCC_DYNAMIC_NO_PIC = NO;
				GCC_OPTIMIZATION_LEVEL = 0;
				GCC_PREPROCESSOR_DEFINITIONS = (
					"_DEBUG=1",
					"DEBUG=1",
					"JUCER_XCODE_MAC_F6D2F4CF=1",
					"JUCE_APP_VERSION=1.0.0",
					"JUCE_APP_VERSION_HEX=0x10000",
					"JucePlugin_Build_VST=0",
					"JucePlugin_Build_VST3=1",
					"JucePlugin_Build_AU=1",
					"JucePlugin_Build_AUv3=0",
					"JucePlugin_Build_RTAS=0",
					"JucePlugin_Build_AAX=0",
					"JucePlugin_Build_Standalone=0",
					"JucePlugin_Build_Unity=0",
					"JUCE_SHARED_CODE=1",
				);
				GCC_VERSION = com.apple.compilers.llvm.clang.1_0;
				HEADER_SEARCH_PATHS = (
					"$(HOME)/JUCE/modules/juce_audio_processors/format_types/VST3_SDK",
					"../../JuceLibraryCode",
					"$(HOME)/JUCE/modules",
					"$(HOME)/JUCE/modules/juce_audio_plugin_client",
					"$(inherited)",
				);
				INSTALL_PATH = "@executable_path/../Frameworks";
				MACOSX_DEPLOYMENT_TARGET = 10.11;
				PRODUCT_BUNDLE_IDENTIFIER = com.yourcompany.DDLModule;
				PRODUCT_NAME = "DDLModule";
				SKIP_INSTALL = YES;
				USE_HEADERMAP = NO;
			};
			name = Debug;
		};
		7A8F487340E0F91E5390D488 = {
			isa = XCBuildConfiguration;
			buildSettings = {
				CLANG_CXX_LANGUAGE_STANDARD = "c++14";
				CLANG_CXX_LIBRARY = "libc++";
				CLANG_LINK_OBJC_RUNTIME = NO;
				CODE_SIGN_IDENTITY = "";
				COMBINE_HIDPI_IMAGES = YES;
				CONFIGURATION_BUILD_DIR = "$(PROJECT_DIR)/build/$(CONFIGURATION)";
				DEAD_CODE_STRIPPING = YES;
				GCC_GENERATE_DEBUGGING_SYMBOLS = NO;
				GCC_OPTIMIZATION_LEVEL = 3;
				GCC_PREPROCESSOR_DEFINITIONS = (
					"_NDEBUG=1",
					"NDEBUG=1",
					"JUCER_XCODE_MAC_F6D2F4CF=1",
					"JUCE_APP_VERSION=1.0.0",
					"JUCE_APP_VERSION_HEX=0x10000",
					"JucePlugin_Build_VST=0",
					"JucePlugin_Build_VST3=1",
					"JucePlugin_Build_AU=1",
					"JucePlugin_Build_AUv3=0",
					"JucePlugin_Build_RTAS=0",
					"JucePlugin_Build_AAX=0",
					"JucePlugin_Build_Standalone=0",
					"JucePlugin_Build_Unity=0",
					"JUCE_SHARED_CODE=1",
				);
				GCC_SYMBOLS_PRIVATE_EXTERN = YES;
				GCC_VERSION = com.apple.compilers.llvm.clang.1_0;
				HEADER_SEARCH_PATHS = (
					"$(HOME)/JUCE/modules/juce_audio_processors/format_types/VST3_SDK",
					"../../JuceLibraryCode",
					"$(HOME)/JUCE/modules",
					"$(HOME)/JUCE/modules/juce_audio_plugin_client",
					"$(inherited)",
				);
				INSTALL_PATH = "@executable_path/../Frameworks";
				LLVM_LTO = YES;
				MACOSX_DEPLOYMENT_TARGET = 10.11;
				PRODUCT_BUNDLE_IDENTIFIER = com.yourcompany.DDLModule;
				PRODUCT_NAME = "DDLModule";
				SKIP_INSTALL = YES;
				USE_HEADERMAP = NO;
			};
			name = Release;
		};
		6D8BA0E3F8FE6830AC280EC4 = {
			isa = XCBuildConfiguration;
			buildSettings = {
				ALWAYS_SEARCH_USER_PATHS = NO;
				CLANG_ENABLE_OBJC_WEAK = YES;
				CLANG_WARN_BLOCK_CAPTURE_AUTORELEASING = YES;
				CLANG_WARN_BOOL_CONVERSION = YES;
				CLANG_WARN_COMMA = YES;
				CLANG_WARN_CONSTANT_CONVERSION = YES;
				CLANG_WARN_DEPRECATED_OBJC_IMPLEMENTATIONS = YES;
				CLANG_WARN_EMPTY_BODY = YES;
				CLANG_WARN_ENUM_CONVERSION = YES;
				CLANG_WARN_INFINITE_RECURSION = YES;
				CLANG_WARN_INT_CONVERSION = YES;
				CLANG_WARN_NON_LITERAL_NULL_CONVERSION = YES;
				CLANG_WARN_OBJC_IMPLICIT_RETAIN_SELF = YES;
				CLANG_WARN_OBJC_LITERAL_CONVERSION = YES;
				CLANG_WARN_RANGE_LOOP_ANALYSIS = YES;
				CLANG_WARN_STRICT_PROTOTYPES = YES;
				CLANG_WARN_SUSPICIOUS_MOVE = YES;
				CLANG_WARN_UNREACHABLE_CODE = YES;
				CLANG_WARN__DUPLICATE_METHOD_MATCH = YES;
				CODE_SIGN_IDENTITY = "";
				DEBUG_INFORMATION_FORMAT = dwarf;
				ENABLE_STRICT_OBJC_MSGSEND = YES;
				ENABLE_TESTABILITY = YES;
				GCC_C_LANGUAGE_STANDARD = c11;
				GCC_INLINES_ARE_PRIVATE_EXTERN = YES;
				GCC_MODEL_TUNING = G5;
				GCC_NO_COMMON_BLOCKS = YES;
				GCC_WARN_64_TO_32_BIT_CONVERSION = YES;
				GCC_WARN_ABOUT_RETURN_TYPE = YES;
				GCC_WARN_CHECK_SWITCH_STATEMENTS = YES;
				GCC_WARN_MISSING_PARENTHESES = YES;
				GCC_WARN_NON_VIRTUAL_DESTRUCTOR = YES;
				GCC_WARN_TYPECHECK_CALLS_TO_PRINTF = YES;
				GCC_WARN_UNDECLARED_SELECTOR = YES;
				GCC_WARN_UNINITIALIZED_AUTOS = YES;
				GCC_WARN_UNUSED_FUNCTION = YES;
				GCC_WARN_UNUSED_VARIABLE = YES;
				ONLY_ACTIVE_ARCH = YES;
				PRODUCT_NAME = "DDLModule";
				SDKROOT = macosx;
				WARNING_CFLAGS = "-Wreorder";
				ZERO_LINK = NO;
			};
			name = Debug;
		};
		25A793B26085D57D43E41B35 = {
			isa = XCBuildConfiguration;
			buildSettings = {
				ALWAYS_SEARCH_USER_PATHS = NO;
				CLANG_ENABLE_OBJC_WEAK = YES;
				CLANG_WARN_BLOCK_CAPTURE_AUTORELEASING = YES;
				CLANG_WARN_BOOL_CONVERSION = YES;
				CLANG_WARN_COMMA = YES;
				CLANG_WARN_CONSTANT_CONVERSION = YES;
				CLANG_WARN_DEPRECATED_OBJC_IMPLEMENTATIONS = YES;
				CLANG_WARN_EMPTY_BODY = YES;
				CLANG_WARN_ENUM_CONVERSION = YES;
				CLANG_WARN_INFINITE_RECURSION = YES;
				CLANG_WARN_INT_CONVERSION = YES;
				CLANG_WARN_NON_LITERAL_NULL_CONVERSION = YES;
				CLANG_WARN_OBJC_IMPLICIT_RETAIN_SELF = YES;
				CLANG_WARN_OBJC_LITERAL_CONVERSION = YES;
				CLANG_WARN_RANGE_LOOP_ANALYSIS = YES;
				CLANG_WARN_STRICT_PROTOTYPES = YES;
				CLANG_WARN_SUSPICIOUS_MOVE = YES;
				CLANG_WARN_UNREACHABLE_CODE = YES;
				CLANG_WARN__DUPLICATE_METHOD_MATCH = YES;
				CODE_SIGN_IDENTITY = "";
				DEBUG_INFORMATION_FORMAT = dwarf;
				ENABLE_STRICT_OBJC_MSGSEND = YES;
				GCC_C_LANGUAGE_STANDARD = c11;
				GCC_INLINES_ARE_PRIVATE_EXTERN = YES;
				GCC_MODEL_TUNING = G5;
				GCC_NO_COMMON_BLOCKS = YES;
				GCC_WARN_64_TO_32_BIT_CONVERSION = YES;
				GCC_WARN_ABOUT_RETURN_TYPE = YES;
				GCC_WARN_CHECK_SWITCH_STATEMENTS = YES;
				GCC_WARN_MISSING_PARENTHESES = YES;
				GCC_WARN_NON_VIRTUAL_DESTRUCTOR = YES;
				GCC_WARN_TYPECHECK_CALLS_TO_PRINTF = YES;
				GCC_WARN_UNDECLARED_SELECTOR = YES;
				GCC_WARN_UNINITIALIZED_AUTOS = YES;
				GCC_WARN_UNUSED_FUNCTION = YES;
				GCC_WARN_UNUSED_VARIABLE = YES;
				PRODUCT_NAME = "DDLModule";
				SDKROOT = macosx;
				WARNING_CFLAGS = "-Wreorder";
				ZERO_LINK = NO;
			};
			name = Release;
		};
		62EADA66B2669025BA8BBCEA = {
			isa = PBXTargetDependency;
			target = C7108D6EEA19CE343E36FB10;
		};
		5EA1E4FEA2EBAFC595BE5BC1 = {
			isa = PBXTargetDependency;
			target = 6BA01BDB0FADCB393CA912B4;
		};
		BDF167B2EAA8A2F55A1B1EE7 = {
			isa = PBXTargetDependency;
			target = 7EDECCF2E99F1BC32AA9BFEF;
		};
		F79C939668D01A7B3A1B6F56 = {
			isa = XCConfigurationList;
			buildConfigurations = (
				6D8BA0E3F8FE6830AC280EC4,
				25A793B26085D57D43E41B35,
			);
			defaultConfigurationIsVisible = 0;
			defaultConfigurationName = Debug;
		};
		14C7511276CF393E9BFAD515 = {
			isa = XCConfigurationList;
			buildConfigurations = (
				82B947FDDCB975413D9E0BC0,
				43E040859DD235B79548C1C2,
			);
			defaultConfigurationIsVisible = 0;
			defaultConfigurationName = Debug;
		};
		CC5D17A80FBD7263C0676EE1 = {
			isa = PBXAggregateTarget;
			buildConfigurationList = 14C7511276CF393E9BFAD515;
			buildPhases = ( );
			buildRules = ( );
			dependencies = (
				62EADA66B2669025BA8BBCEA,
				5EA1E4FEA2EBAFC595BE5BC1,
				BDF167B2EAA8A2F55A1B1EE7,
			);
			name = "DDLModule - All";
			productName = DDLModule;
		};
		D2F59E7E7CA2FC0F7A9A25FA = {
			isa = XCConfigurationList;
			buildConfigurations = (
				3499AC283E9B200A41ED8C41,
				22AD93414E455C8400ABB712,
			);
			defaultConfigurationIsVisible = 0;
			defaultConfigurationName = Debug;
		};
		73BCC7C0CEC8E1DF7AA22574 = {
			isa = PBXResourcesBuildPhase;
			buildActionMask = 2147483647;
			files = (
				7EC774E600218D9F1A8B5BFA,
			);
			runOnlyForDeploymentPostprocessing = 0;
		};
		6BF8F6723648422208CEAFE5 = {
			isa = PBXSourcesBuildPhase;
			buildActionMask = 2147483647;
			files = (
				CDF4C5D5718B52B62D995615,
			);
			runOnlyForDeploymentPostprocessing = 0;
		};
		940A6C57240812E652FC1460 = {
			isa = PBXFrameworksBuildPhase;
			buildActionMask = 2147483647;
			files = (
				91FD0B815C88902CF7401328,
				48EFC2762A43E9586E1C12B7,
				D00CEA949CAC71C4FE7C9036,
				A34688012AF7FC9931F747D9,
				0B377FFB9ED33ECE7E12079E,
				8338ECC694C45D03922808CE,
				235355A0D7CC554A197D5478,
				2AF201AC0CB2A8D93452619C,
				448ED992F2DDC324674A44F4,
				E1D7134D213783E00C4E4C94,
				CAE83B78E658B0333F4B7BF1,
				3BD43E28685BFEEA689FE50E,
			);
			runOnlyForDeploymentPostprocessing = 0;
		};
		C7108D6EEA19CE343E36FB10 = {
			isa = PBXNativeTarget;
			buildConfigurationList = D2F59E7E7CA2FC0F7A9A25FA;
			buildPhases = (
				73BCC7C0CEC8E1DF7AA22574,
				6BF8F6723648422208CEAFE5,
				940A6C57240812E652FC1460,
			);
			buildRules = ( );
			dependencies = (
				BDF167B2EAA8A2F55A1B1EE7,
			);
			name = "DDLModule - VST3";
			productName = DDLModule;
			productReference = 2402AA3BE7CDE23230770BC4;
			productType = "com.apple.product-type.bundle";
		};
		0665DBC6342497774809D7FB = {
			isa = XCConfigurationList;
			buildConfigurations = (
				24E625A86D3444352AB96883,
				36CC67597983C0EA3F4E3B49,
			);
			defaultConfigurationIsVisible = 0;
			defaultConfigurationName = Debug;
		};
		819903B4059A805769F05A8C = {
			isa = PBXResourcesBuildPhase;
			buildActionMask = 2147483647;
			files = (
				7EC774E600218D9F1A8B5BFA,
			);
			runOnlyForDeploymentPostprocessing = 0;
		};
		2C60FE1DB6C445459D03B99D = {
			isa = PBXRezBuildPhase;
			buildActionMask = 2147483647;
			files = (
				B3205CA19ADAA9BF8D291066,
			);
			runOnlyForDeploymentPostprocessing = 0;
		};
		FF3415D088D41D908DBB0CA9 = {
			isa = PBXSourcesBuildPhase;
			buildActionMask = 2147483647;
			files = (
				4A0AB7DD4C8DDE21A4DEBDB8,
				22787A62C04C1131F8EC5567,
			);
			runOnlyForDeploymentPostprocessing = 0;
		};
		F4D061705771E176827BCC6D = {
			isa = PBXFrameworksBuildPhase;
			buildActionMask = 2147483647;
			files = (
				DC1E285885DB904C61EA7A6A,
				91FD0B815C88902CF7401328,
				48EFC2762A43E9586E1C12B7,
				D00CEA949CAC71C4FE7C9036,
				A34688012AF7FC9931F747D9,
				0B377FFB9ED33ECE7E12079E,
				8338ECC694C45D03922808CE,
				235355A0D7CC554A197D5478,
				2AF201AC0CB2A8D93452619C,
				448ED992F2DDC324674A44F4,
				E1D7134D213783E00C4E4C94,
				CAE83B78E658B0333F4B7BF1,
				3BD43E28685BFEEA689FE50E,
			);
			runOnlyForDeploymentPostprocessing = 0;
		};
		6BA01BDB0FADCB393CA912B4 = {
			isa = PBXNativeTarget;
			buildConfigurationList = 0665DBC6342497774809D7FB;
			buildPhases = (
				819903B4059A805769F05A8C,
				2C60FE1DB6C445459D03B99D,
				FF3415D088D41D908DBB0CA9,
				F4D061705771E176827BCC6D,
			);
			buildRules = ( );
			dependencies = (
				BDF167B2EAA8A2F55A1B1EE7,
			);
			name = "DDLModule - AU";
			productName = DDLModule;
			productReference = 5B8760BA1E41F71EB1490E75;
			productType = "com.apple.product-type.bundle";
		};
		AED7ABE39AD365DD61C4B399 = {
			isa = XCConfigurationList;
			buildConfigurations = (
				3D5357942740C878514AA533,
				7A8F487340E0F91E5390D488,
			);
			defaultConfigurationIsVisible = 0;
			defaultConfigurationName = Debug;
		};
		5B294D8663C31F78F408C242 = {
			isa = PBXSourcesBuildPhase;
			buildActionMask = 2147483647;
			files = (
				FA67F5953E023B10F2402BBC,
				E1C093E99CFC18047D15B6B5,
				181B4B7D2DBF6BA0F7706CCB,
				BE6A630ACAB834D33952C8AC,
				CD2AB77C3E110FCE8C6C24F4,
				7C1658D2450D95E2FD0840B5,
				1F86DB9EF34EBDDEF994B33E,
				F772408BE61E6B22AF8B355E,
				698F4418BD5D25FB3F8A6D12,
				68B31E95428E5466F30A28A5,
				85D805F06EFBED617AB5EDF8,
				5DCEA67496046901754711F8,
				DD5D65212BCC99CDA20FE5DD,
				3B8A4B71616E811CC5AA24E9,
				C068881D43483AC2713CEAC7,
				20019F1411F9776B301D3DD4,
				121D0CF8A86A0E06DC0D0149,
				6FAA3B760963954737585DAB,
			);
			runOnlyForDeploymentPostprocessing = 0;
		};
		7EDECCF2E99F1BC32AA9BFEF = {
			isa = PBXNativeTarget;
			buildConfigurationList = AED7ABE39AD365DD61C4B399;
			buildPhases = (
				5B294D8663C31F78F408C242,
			);
			buildRules = ( );
			dependencies = ( );
			name = "DDLModule - Shared Code";
			productName = DDLModule;
			productReference = 096E35D138A6C6B68F8D6AD5;
			productType = "com.apple.product-type.library.static";
		};
		E9B1D8B720D160A8891CAF94 = {
			isa = PBXProject;
			buildConfigurationList = F79C939668D01A7B3A1B6F56;
			attributes = { LastUpgradeCheck = 1100; ORGANIZATIONNAME = ""; TargetAttributes = { CC5D17A80FBD7263C0676EE1 = { SystemCapabilities = {com.apple.ApplicationGroups.iOS = { enabled = 0; }; com.apple.InAppPurchase = { enabled = 0; }; com.apple.InterAppAudio = { enabled = 0; }; com.apple.Push = { enabled = 0; }; com.apple.Sandbox = { enabled = 0; }; com.apple.HardenedRuntime = { enabled = 0; }; }; };C7108D6EEA19CE343E36FB10 = { SystemCapabilities = {com.apple.ApplicationGroups.iOS = { enabled = 0; }; com.apple.InAppPurchase = { enabled = 0; }; com.apple.InterAppAudio = { enabled = 0; }; com.apple.Push = { enabled = 0; }; com.apple.Sandbox = { enabled = 0; }; com.apple.HardenedRuntime = { enabled = 0; }; }; };6BA01BDB0FADCB393CA912B4 = { SystemCapabilities = {com.apple.ApplicationGroups.iOS = { enabled = 0; }; com.apple.InAppPurchase = { enabled = 0; }; com.apple.InterAppAudio = { enabled = 0; }; com.apple.Push = { enabled = 0; }; com.apple.Sandbox = { enabled = 0; }; com.apple.HardenedRuntime = { enabled = 0; }; }; };7EDECCF2E99F1BC32AA9BFEF = { SystemCapabilities = {com.apple.ApplicationGroups.iOS = { enabled = 0; }; com.apple.InAppPurchase = { enabled = 0; }; com.apple.InterAppAudio = { enabled = 0; }; com.apple.Push = { enabled = 0; }; com.apple.Sandbox = { enabled = 0; }; com.apple.HardenedRuntime = { enabled = 0; }; }; }; }; };
			compatibilityVersion = "Xcode 3.2";
			hasScannedForEncodings = 0;
			mainGroup = E4D0F6E03CBD0E833D19C677;
			projectDirPath = "";
			projectRoot = "";
			targets = (CC5D17A80FBD7263C0676EE1, C7108D6EEA19CE343E36FB10, 6BA01BDB0FADCB393CA912B4, 7EDECCF2E99F1BC32AA9BFEF);
			knownRegions = (en, Base);
		};
	};
	rootObject = E9B1D8B720D160A8891CAF94;
}
